
Microsoft Visual Studio Solution File, Format Version 12.00
Project("{FAE04EC0-301F-11D3-BF4B-00C04F79EFBC}") = "CardTerminal", "CardTerminal.csproj", "{8A686D32-2DDC-4589-ADFC-6E0681070F3B}"
EndProject
Project("{FAE04EC0-301F-11D3-BF4B-00C04F79EFBC}") = "TestProject", "TestProject\TestProject.csproj", "{48B90F54-473E-4EC2-99F0-5CEC0EC842F9}"
EndProject
Global
	GlobalSection(SolutionConfigurationPlatforms) = preSolution
		Debug|Any CPU = Debug|Any CPU
		Release|Any CPU = Release|Any CPU
	EndGlobalSection
	GlobalSection(ProjectConfigurationPlatforms) = postSolution
		{8A686D32-2DDC-4589-ADFC-6E0681070F3B}.Debug|Any CPU.ActiveCfg = Debug|Any CPU
		{8A686D32-2DDC-4589-ADFC-6E0681070F3B}.Debug|Any CPU.Build.0 = Debug|Any CPU
		{8A686D32-2DDC-4589-ADFC-6E0681070F3B}.Release|Any CPU.ActiveCfg = Release|Any CPU
		{8A686D32-2DDC-4589-ADFC-6E0681070F3B}.Release|Any CPU.Build.0 = Release|Any CPU
		{48B90F54-473E-4EC2-99F0-5CEC0EC842F9}.Debug|Any CPU.ActiveCfg = Debug|Any CPU
		{48B90F54-473E-4EC2-99F0-5CEC0EC842F9}.Debug|Any CPU.Build.0 = Debug|Any CPU
		{48B90F54-473E-4EC2-99F0-5CEC0EC842F9}.Release|Any CPU.ActiveCfg = Release|Any CPU
		{48B90F54-473E-4EC2-99F0-5CEC0EC842F9}.Release|Any CPU.Build.0 = Release|Any CPU
	EndGlobalSection
EndGlobal
